{
  "name": "google-api",
  "version": "1.0.0",
  "lockfileVersion": 2,
  "requires": true,
  "packages": {
    "": {
      "name": "google-api",
      "version": "1.0.0",
      "license": "MIT",
      "dependencies": {
        "google-trends-api": "^4.9.2"
      }
    },
    "node_modules/google-trends-api": {
      "version": "4.9.2",
      "resolved": "https://registry.npmjs.org/google-trends-api/-/google-trends-api-4.9.2.tgz",
      "integrity": "sha512-gjVSHCM8B7LyAAUpXb4B0/TfnmpwQ2z1w/mQ2bL0AKpr2j3gLS1j2YOnifpfsGJRxAGXB/NoC+nGwC5qSnZIiA=="
    }
  },
  "dependencies": {
    "google-trends-api": {
      "version": "4.9.2",
      "resolved": "https://registry.npmjs.org/google-trends-api/-/google-trends-api-4.9.2.tgz",
      "integrity": "sha512-gjVSHCM8B7LyAAUpXb4B0/TfnmpwQ2z1w/mQ2bL0AKpr2j3gLS1j2YOnifpfsGJRxAGXB/NoC+nGwC5qSnZIiA=="
    }
  }
}
